# This file is automatically @generated by Cargo.
# It is not intended for manual editing.
version = 3

[[package]]
name = "nrf-mpsl"
version = "0.0.0"

[[package]]
name = "nrf-mpsl-sys"
version = "0.0.0"

[[package]]
name = "nrf-sdc"
version = "0.0.0"

[[package]]
name = "nrf-sdc-sys"
version = "0.0.0"
